PODS:
  - RMPZoomTransitionAnimator (1.0.2)

DEPENDENCIES:
  - RMPZoomTransitionAnimator (from `../`)

EXTERNAL SOURCES:
  RMPZoomTransitionAnimator:
    :path: "../"

SPEC CHECKSUMS:
  RMPZoomTransitionAnimator: fa1a0726e8e227069d9d63d30ef403aa12323960

PODFILE CHECKSUM: 9fe7fce8f07d62ffb87abf0a34c4bdffd98c4725

COCOAPODS: 1.2.1
